
Microsoft Visual Studio Solution File, Format Version 12.00
# Visual Studio Version 16
VisualStudioVersion = 25.0.1706.1
MinimumVisualStudioVersion = 10.0.40219.1
Project("{FAE04EC0-301F-11D3-BF4B-00C04F79EFBC}") = "UsersCRUDAPI", "UsersCRUDAPI\UsersCRUDAPI.csproj", "{32F4A748-632E-4432-9654-206CC97DBCC2}"
EndProject
Global
	GlobalSection(SolutionConfigurationPlatforms) = preSolution
		Debug|Any CPU = Debug|Any CPU
		Release|Any CPU = Release|Any CPU
	EndGlobalSection
	GlobalSection(ProjectConfigurationPlatforms) = postSolution
		{32F4A748-632E-4432-9654-206CC97DBCC2}.Debug|Any CPU.ActiveCfg = Debug|Any CPU
		{32F4A748-632E-4432-9654-206CC97DBCC2}.Debug|Any CPU.Build.0 = Debug|Any CPU
		{32F4A748-632E-4432-9654-206CC97DBCC2}.Release|Any CPU.ActiveCfg = Release|Any CPU
		{32F4A748-632E-4432-9654-206CC97DBCC2}.Release|Any CPU.Build.0 = Release|Any CPU
	EndGlobalSection
	GlobalSection(SolutionProperties) = preSolution
		HideSolutionNode = FALSE
	EndGlobalSection
	GlobalSection(ExtensibilityGlobals) = postSolution
		SolutionGuid = {CD2A55FF-02DB-4E80-8E85-31163870E1F4}
	EndGlobalSection
EndGlobal
